// !$*UTF8*$!
{
	archiveVersion = 1;
	classes = {
	};
	objectVersion = 50;
	objects = {

/* Begin PBXBuildFile section */
		F1603D0626D72732000C7EA4 /* SceneDelegate.swift in Sources */ = {isa = PBXBuildFile; fileRef = F1603D0526D72732000C7EA4 /* SceneDelegate.swift */; };
		F1603D0826D72732000C7EA4 /* ViewController.swift in Sources */ = {isa = PBXBuildFile; fileRef = F1603D0726D72732000C7EA4 /* ViewController.swift */; };
		F1603D0B26D72732000C7EA4 /* Main.storyboard in Resources */ = {isa = PBXBuildFile; fileRef = F1603D0926D72732000C7EA4 /* Main.storyboard */; };
		F1603D0D26D72736000C7EA4 /* Assets.xcassets in Resources */ = {isa = PBXBuildFile; fileRef = F1603D0C26D72736000C7EA4 /* Assets.xcassets */; };
		F1603D1026D72736000C7EA4 /* LaunchScreen.storyboard in Resources */ = {isa = PBXBuildFile; fileRef = F1603D0E26D72736000C7EA4 /* LaunchScreen.storyboard */; };
		F1603D1B26D72736000C7EA4 /* ChainTests.swift in Sources */ = {isa = PBXBuildFile; fileRef = F1603D1A26D72736000C7EA4 /* ChainTests.swift */; };
		F1603D2626D72736000C7EA4 /* ChainUITests.swift in Sources */ = {isa = PBXBuildFile; fileRef = F1603D2526D72736000C7EA4 /* ChainUITests.swift */; };
		F1927AAF26E9C6C90074AE8D /* Services in Resources */ = {isa = PBXBuildFile; fileRef = F1927AAE26E9C6C90074AE8D /* Services */; };
		F1927AB726E9C7E70074AE8D /* Models in Resources */ = {isa = PBXBuildFile; fileRef = F1927AB626E9C7E70074AE8D /* Models */; };
		F1927AB926E9C8030074AE8D /* Network in Resources */ = {isa = PBXBuildFile; fileRef = F1927AB826E9C8030074AE8D /* Network */; };
		F1927ABD26E9C96B0074AE8D /* Extensions in Resources */ = {isa = PBXBuildFile; fileRef = F1927ABC26E9C96B0074AE8D /* Extensions */; };
		F1927ABF26E9C9930074AE8D /* AppDelegate.swift in Sources */ = {isa = PBXBuildFile; fileRef = F1927ABE26E9C9930074AE8D /* AppDelegate.swift */; };
/* End PBXBuildFile section */

/* Begin PBXContainerItemProxy section */
		F1603D1726D72736000C7EA4 /* PBXContainerItemProxy */ = {
			isa = PBXContainerItemProxy;
			containerPortal = F1603CF826D72732000C7EA4 /* Project object */;
			proxyType = 1;
			remoteGlobalIDString = F1603CFF26D72732000C7EA4;
			remoteInfo = Chain;
		};
		F1603D2226D72736000C7EA4 /* PBXContainerItemProxy */ = {
			isa = PBXContainerItemProxy;
			containerPortal = F1603CF826D72732000C7EA4 /* Project object */;
			proxyType = 1;
			remoteGlobalIDString = F1603CFF26D72732000C7EA4;
			remoteInfo = Chain;
		};
/* End PBXContainerItemProxy section */

/* Begin PBXFileReference section */
		F1603D0026D72732000C7EA4 /* Chain.app */ = {isa = PBXFileReference; explicitFileType = wrapper.application; includeInIndex = 0; path = Chain.app; sourceTree = BUILT_PRODUCTS_DIR; };
		F1603D0526D72732000C7EA4 /* SceneDelegate.swift */ = {isa = PBXFileReference; lastKnownFileType = sourcecode.swift; path = SceneDelegate.swift; sourceTree = "<group>"; };
		F1603D0726D72732000C7EA4 /* ViewController.swift */ = {isa = PBXFileReference; lastKnownFileType = sourcecode.swift; path = ViewController.swift; sourceTree = "<group>"; };
		F1603D0A26D72732000C7EA4 /* Base */ = {isa = PBXFileReference; lastKnownFileType = file.storyboard; name = Base; path = Base.lproj/Main.storyboard; sourceTree = "<group>"; };
		F1603D0C26D72736000C7EA4 /* Assets.xcassets */ = {isa = PBXFileReference; lastKnownFileType = folder.assetcatalog; path = Assets.xcassets; sourceTree = "<group>"; };
		F1603D0F26D72736000C7EA4 /* Base */ = {isa = PBXFileReference; lastKnownFileType = file.storyboard; name = Base; path = Base.lproj/LaunchScreen.storyboard; sourceTree = "<group>"; };
		F1603D1126D72736000C7EA4 /* Info.plist */ = {isa = PBXFileReference; lastKnownFileType = text.plist.xml; path = Info.plist; sourceTree = "<group>"; };
		F1603D1626D72736000C7EA4 /* ChainTests.xctest */ = {isa = PBXFileReference; explicitFileType = wrapper.cfbundle; includeInIndex = 0; path = ChainTests.xctest; sourceTree = BUILT_PRODUCTS_DIR; };
		F1603D1A26D72736000C7EA4 /* ChainTests.swift */ = {isa = PBXFileReference; lastKnownFileType = sourcecode.swift; path = ChainTests.swift; sourceTree = "<group>"; };
		F1603D1C26D72736000C7EA4 /* Info.plist */ = {isa = PBXFileReference; lastKnownFileType = text.plist.xml; path = Info.plist; sourceTree = "<group>"; };
		F1603D2126D72736000C7EA4 /* ChainUITests.xctest */ = {isa = PBXFileReference; explicitFileType = wrapper.cfbundle; includeInIndex = 0; path = ChainUITests.xctest; sourceTree = BUILT_PRODUCTS_DIR; };
		F1603D2526D72736000C7EA4 /* ChainUITests.swift */ = {isa = PBXFileReference; lastKnownFileType = sourcecode.swift; path = ChainUITests.swift; sourceTree = "<group>"; };
		F1603D2726D72736000C7EA4 /* Info.plist */ = {isa = PBXFileReference; lastKnownFileType = text.plist.xml; path = Info.plist; sourceTree = "<group>"; };
		F1927AAE26E9C6C90074AE8D /* Services */ = {isa = PBXFileReference; lastKnownFileType = folder; path = Services; sourceTree = "<group>"; };
		F1927AB626E9C7E70074AE8D /* Models */ = {isa = PBXFileReference; lastKnownFileType = folder; path = Models; sourceTree = "<group>"; };
		F1927AB826E9C8030074AE8D /* Network */ = {isa = PBXFileReference; lastKnownFileType = folder; path = Network; sourceTree = "<group>"; };
		F1927ABC26E9C96B0074AE8D /* Extensions */ = {isa = PBXFileReference; lastKnownFileType = folder; path = Extensions; sourceTree = "<group>"; };
		F1927ABE26E9C9930074AE8D /* AppDelegate.swift */ = {isa = PBXFileReference; lastKnownFileType = sourcecode.swift; path = AppDelegate.swift; sourceTree = "<group>"; };
/* End PBXFileReference section */

/* Begin PBXFrameworksBuildPhase section */
		F1603CFD26D72732000C7EA4 /* Frameworks */ = {
			isa = PBXFrameworksBuildPhase;
			buildActionMask = 2147483647;
			files = (
			);
			runOnlyForDeploymentPostprocessing = 0;
		};
		F1603D1326D72736000C7EA4 /* Frameworks */ = {
			isa = PBXFrameworksBuildPhase;
			buildActionMask = 2147483647;
			files = (
			);
			runOnlyForDeploymentPostprocessing = 0;
		};
		F1603D1E26D72736000C7EA4 /* Frameworks */ = {
			isa = PBXFrameworksBuildPhase;
			buildActionMask = 2147483647;
			files = (
			);
			runOnlyForDeploymentPostprocessing = 0;
		};
/* End PBXFrameworksBuildPhase section */

/* Begin PBXGroup section */
		F1603CF726D72732000C7EA4 = {
			isa = PBXGroup;
			children = (
				F1603D0226D72732000C7EA4 /* Chain */,
				F1603D1926D72736000C7EA4 /* ChainTests */,
				F1603D2426D72736000C7EA4 /* ChainUITests */,
				F1603D0126D72732000C7EA4 /* Products */,
			);
			sourceTree = "<group>";
		};
		F1603D0126D72732000C7EA4 /* Products */ = {
			isa = PBXGroup;
			children = (
				F1603D0026D72732000C7EA4 /* Chain.app */,
				F1603D1626D72736000C7EA4 /* ChainTests.xctest */,
				F1603D2126D72736000C7EA4 /* ChainUITests.xctest */,
			);
			name = Products;
			sourceTree = "<group>";
		};
		F1603D0226D72732000C7EA4 /* Chain */ = {
			isa = PBXGroup;
			children = (
				F1927AB626E9C7E70074AE8D /* Models */,
				F1927AAE26E9C6C90074AE8D /* Services */,
				F1927AB426E9C74B0074AE8D /* Views */,
				F1927AB526E9C7620074AE8D /* ViewControllers */,
				F1927AB826E9C8030074AE8D /* Network */,
				F1927ABC26E9C96B0074AE8D /* Extensions */,
				F1927AC026E9C9B90074AE8D /* Utils */,
				F1927ABE26E9C9930074AE8D /* AppDelegate.swift */,
				F1603D0526D72732000C7EA4 /* SceneDelegate.swift */,
				F1603D0726D72732000C7EA4 /* ViewController.swift */,
				F1603D0926D72732000C7EA4 /* Main.storyboard */,
				F1603D0C26D72736000C7EA4 /* Assets.xcassets */,
				F1603D0E26D72736000C7EA4 /* LaunchScreen.storyboard */,
				F1603D1126D72736000C7EA4 /* Info.plist */,
			);
			path = Chain;
			sourceTree = "<group>";
		};
		F1603D1926D72736000C7EA4 /* ChainTests */ = {
			isa = PBXGroup;
			children = (
				F1603D1A26D72736000C7EA4 /* ChainTests.swift */,
				F1603D1C26D72736000C7EA4 /* Info.plist */,
			);
			path = ChainTests;
			sourceTree = "<group>";
		};
		F1603D2426D72736000C7EA4 /* ChainUITests */ = {
			isa = PBXGroup;
			children = (
				F1603D2526D72736000C7EA4 /* ChainUITests.swift */,
				F1603D2726D72736000C7EA4 /* Info.plist */,
			);
			path = ChainUITests;
			sourceTree = "<group>";
		};
		F1927AB426E9C74B0074AE8D /* Views */ = {
			isa = PBXGroup;
			children = (
			);
			path = Views;
			sourceTree = "<group>";
		};
		F1927AB526E9C7620074AE8D /* ViewControllers */ = {
			isa = PBXGroup;
			children = (
			);
			path = ViewControllers;
			sourceTree = "<group>";
		};
		F1927AC026E9C9B90074AE8D /* Utils */ = {
			isa = PBXGroup;
			children = (
			);
			path = Utils;
			sourceTree = "<group>";
		};
/* End PBXGroup section */

/* Begin PBXNativeTarget section */
		F1603CFF26D72732000C7EA4 /* Chain */ = {
			isa = PBXNativeTarget;
			buildConfigurationList = F1603D2A26D72736000C7EA4 /* Build configuration list for PBXNativeTarget "Chain" */;
			buildPhases = (
				F1603CFC26D72732000C7EA4 /* Sources */,
				F1603CFD26D72732000C7EA4 /* Frameworks */,
				F1603CFE26D72732000C7EA4 /* Resources */,
			);
			buildRules = (
			);
			dependencies = (
			);
			name = Chain;
			productName = Chain;
			productReference = F1603D0026D72732000C7EA4 /* Chain.app */;
			productType = "com.apple.product-type.application";
		};
		F1603D1526D72736000C7EA4 /* ChainTests */ = {
			isa = PBXNativeTarget;
			buildConfigurationList = F1603D2D26D72736000C7EA4 /* Build configuration list for PBXNativeTarget "ChainTests" */;
			buildPhases = (
				F1603D1226D72736000C7EA4 /* Sources */,
				F1603D1326D72736000C7EA4 /* Frameworks */,
				F1603D1426D72736000C7EA4 /* Resources */,
			);
			buildRules = (
			);
			dependencies = (
				F1603D1826D72736000C7EA4 /* PBXTargetDependency */,
			);
			name = ChainTests;
			productName = ChainTests;
			productReference = F1603D1626D72736000C7EA4 /* ChainTests.xctest */;
			productType = "com.apple.product-type.bundle.unit-test";
		};
		F1603D2026D72736000C7EA4 /* ChainUITests */ = {
			isa = PBXNativeTarget;
			buildConfigurationList = F1603D3026D72736000C7EA4 /* Build configuration list for PBXNativeTarget "ChainUITests" */;
			buildPhases = (
				F1603D1D26D72736000C7EA4 /* Sources */,
				F1603D1E26D72736000C7EA4 /* Frameworks */,
				F1603D1F26D72736000C7EA4 /* Resources */,
			);
			buildRules = (
			);
			dependencies = (
				F1603D2326D72736000C7EA4 /* PBXTargetDependency */,
			);
			name = ChainUITests;
			productName = ChainUITests;
			productReference = F1603D2126D72736000C7EA4 /* ChainUITests.xctest */;
			productType = "com.apple.product-type.bundle.ui-testing";
		};
/* End PBXNativeTarget section */

/* Begin PBXProject section */
		F1603CF826D72732000C7EA4 /* Project object */ = {
			isa = PBXProject;
			attributes = {
				LastSwiftUpdateCheck = 1250;
				LastUpgradeCheck = 1250;
				TargetAttributes = {
					F1603CFF26D72732000C7EA4 = {
						CreatedOnToolsVersion = 12.5.1;
					};
					F1603D1526D72736000C7EA4 = {
						CreatedOnToolsVersion = 12.5.1;
						TestTargetID = F1603CFF26D72732000C7EA4;
					};
					F1603D2026D72736000C7EA4 = {
						CreatedOnToolsVersion = 12.5.1;
						TestTargetID = F1603CFF26D72732000C7EA4;
					};
				};
			};
			buildConfigurationList = F1603CFB26D72732000C7EA4 /* Build configuration list for PBXProject "Chain" */;
			compatibilityVersion = "Xcode 9.3";
			developmentRegion = en;
			hasScannedForEncodings = 0;
			knownRegions = (
				en,
				Base,
			);
			mainGroup = F1603CF726D72732000C7EA4;
			productRefGroup = F1603D0126D72732000C7EA4 /* Products */;
			projectDirPath = "";
			projectRoot = "";
			targets = (
				F1603CFF26D72732000C7EA4 /* Chain */,
				F1603D1526D72736000C7EA4 /* ChainTests */,
				F1603D2026D72736000C7EA4 /* ChainUITests */,
			);
		};
/* End PBXProject section */

/* Begin PBXResourcesBuildPhase section */
		F1603CFE26D72732000C7EA4 /* Resources */ = {
			isa = PBXResourcesBuildPhase;
			buildActionMask = 2147483647;
			files = (
				F1927AB726E9C7E70074AE8D /* Models in Resources */,
				F1927AAF26E9C6C90074AE8D /* Services in Resources */,
				F1927ABD26E9C96B0074AE8D /* Extensions in Resources */,
				F1603D1026D72736000C7EA4 /* LaunchScreen.storyboard in Resources */,
				F1927AB926E9C8030074AE8D /* Network in Resources */,
				F1603D0D26D72736000C7EA4 /* Assets.xcassets in Resources */,
				F1603D0B26D72732000C7EA4 /* Main.storyboard in Resources */,
			);
			runOnlyForDeploymentPostprocessing = 0;
		};
		F1603D1426D72736000C7EA4 /* Resources */ = {
			isa = PBXResourcesBuildPhase;
			buildActionMask = 2147483647;
			files = (
			);
			runOnlyForDeploymentPostprocessing = 0;
		};
		F1603D1F26D72736000C7EA4 /* Resources */ = {
			isa = PBXResourcesBuildPhase;
			buildActionMask = 2147483647;
			files = (
			);
			runOnlyForDeploymentPostprocessing = 0;
		};
/* End PBXResourcesBuildPhase section */

/* Begin PBXSourcesBuildPhase section */
		F1603CFC26D72732000C7EA4 /* Sources */ = {
			isa = PBXSourcesBuildPhase;
			buildActionMask = 2147483647;
			files = (
				F1927ABF26E9C9930074AE8D /* AppDelegate.swift in Sources */,
				F1603D0826D72732000C7EA4 /* ViewController.swift in Sources */,
				F1603D0626D72732000C7EA4 /* SceneDelegate.swift in Sources */,
			);
			runOnlyForDeploymentPostprocessing = 0;
		};
		F1603D1226D72736000C7EA4 /* Sources */ = {
			isa = PBXSourcesBuildPhase;
			buildActionMask = 2147483647;
			files = (
				F1603D1B26D72736000C7EA4 /* ChainTests.swift in Sources */,
			);
			runOnlyForDeploymentPostprocessing = 0;
		};
		F1603D1D26D72736000C7EA4 /* Sources */ = {
			isa = PBXSourcesBuildPhase;
			buildActionMask = 2147483647;
			files = (
				F1603D2626D72736000C7EA4 /* ChainUITests.swift in Sources */,
			);
			runOnlyForDeploymentPostprocessing = 0;
		};
/* End PBXSourcesBuildPhase section */

/* Begin PBXTargetDependency section */
		F1603D1826D72736000C7EA4 /* PBXTargetDependency */ = {
			isa = PBXTargetDependency;
			target = F1603CFF26D72732000C7EA4 /* Chain */;
			targetProxy = F1603D1726D72736000C7EA4 /* PBXContainerItemProxy */;
		};
		F1603D2326D72736000C7EA4 /* PBXTargetDependency */ = {
			isa = PBXTargetDependency;
			target = F1603CFF26D72732000C7EA4 /* Chain */;
			targetProxy = F1603D2226D72736000C7EA4 /* PBXContainerItemProxy */;
		};
/* End PBXTargetDependency section */

/* Begin PBXVariantGroup section */
		F1603D0926D72732000C7EA4 /* Main.storyboard */ = {
			isa = PBXVariantGroup;
			children = (
				F1603D0A26D72732000C7EA4 /* Base */,
			);
			name = Main.storyboard;
			sourceTree = "<group>";
		};
		F1603D0E26D72736000C7EA4 /* LaunchScreen.storyboard */ = {
			isa = PBXVariantGroup;
			children = (
				F1603D0F26D72736000C7EA4 /* Base */,
			);
			name = LaunchScreen.storyboard;
			sourceTree = "<group>";
		};
/* End PBXVariantGroup section */

/* Begin XCBuildConfiguration section */
		F1603D2826D72736000C7EA4 /* Debug */ = {
			isa = XCBuildConfiguration;
			buildSettings = {
				ALWAYS_SEARCH_USER_PATHS = NO;
				CLANG_ANALYZER_NONNULL = YES;
				CLANG_ANALYZER_NUMBER_OBJECT_CONVERSION = YES_AGGRESSIVE;
				CLANG_CXX_LANGUAGE_STANDARD = "gnu++14";
				CLANG_CXX_LIBRARY = "libc++";
				CLANG_ENABLE_MODULES = YES;
				CLANG_ENABLE_OBJC_ARC = YES;
				CLANG_ENABLE_OBJC_WEAK = YES;
				CLANG_WARN_BLOCK_CAPTURE_AUTORELEASING = YES;
				CLANG_WARN_BOOL_CONVERSION = YES;
				CLANG_WARN_COMMA = YES;
				CLANG_WARN_CONSTANT_CONVERSION = YES;
				CLANG_WARN_DEPRECATED_OBJC_IMPLEMENTATIONS = YES;
				CLANG_WARN_DIRECT_OBJC_ISA_USAGE = YES_ERROR;
				CLANG_WARN_DOCUMENTATION_COMMENTS = YES;
				CLANG_WARN_EMPTY_BODY = YES;
				CLANG_WARN_ENUM_CONVERSION = YES;
				CLANG_WARN_INFINITE_RECURSION = YES;
				CLANG_WARN_INT_CONVERSION = YES;
				CLANG_WARN_NON_LITERAL_NULL_CONVERSION = YES;
				CLANG_WARN_OBJC_IMPLICIT_RETAIN_SELF = YES;
				CLANG_WARN_OBJC_LITERAL_CONVERSION = YES;
				CLANG_WARN_OBJC_ROOT_CLASS = YES_ERROR;
				CLANG_WARN_QUOTED_INCLUDE_IN_FRAMEWORK_HEADER = YES;
				CLANG_WARN_RANGE_LOOP_ANALYSIS = YES;
				CLANG_WARN_STRICT_PROTOTYPES = YES;
				CLANG_WARN_SUSPICIOUS_MOVE = YES;
				CLANG_WARN_UNGUARDED_AVAILABILITY = YES_AGGRESSIVE;
				CLANG_WARN_UNREACHABLE_CODE = YES;
				CLANG_WARN__DUPLICATE_METHOD_MATCH = YES;
				COPY_PHASE_STRIP = NO;
				DEBUG_INFORMATION_FORMAT = dwarf;
				ENABLE_STRICT_OBJC_MSGSEND = YES;
				ENABLE_TESTABILITY = YES;
				GCC_C_LANGUAGE_STANDARD = gnu11;
				GCC_DYNAMIC_NO_PIC = NO;
				GCC_NO_COMMON_BLOCKS = YES;
				GCC_OPTIMIZATION_LEVEL = 0;
				GCC_PREPROCESSOR_DEFINITIONS = (
					"DEBUG=1",
					"$(inherited)",
				);
				GCC_WARN_64_TO_32_BIT_CONVERSION = YES;
				GCC_WARN_ABOUT_RETURN_TYPE = YES_ERROR;
				GCC_WARN_UNDECLARED_SELECTOR = YES;
				GCC_WARN_UNINITIALIZED_AUTOS = YES_AGGRESSIVE;
				GCC_WARN_UNUSED_FUNCTION = YES;
				GCC_WARN_UNUSED_VARIABLE = YES;
				IPHONEOS_DEPLOYMENT_TARGET = 14.5;
				MTL_ENABLE_DEBUG_INFO = INCLUDE_SOURCE;
				MTL_FAST_MATH = YES;
				ONLY_ACTIVE_ARCH = YES;
				SDKROOT = iphoneos;
				SWIFT_ACTIVE_COMPILATION_CONDITIONS = DEBUG;
				SWIFT_OPTIMIZATION_LEVEL = "-Onone";
			};
			name = Debug;
		};
		F1603D2926D72736000C7EA4 /* Release */ = {
			isa = XCBuildConfiguration;
			buildSettings = {
				ALWAYS_SEARCH_USER_PATHS = NO;
				CLANG_ANALYZER_NONNULL = YES;
				CLANG_ANALYZER_NUMBER_OBJECT_CONVERSION = YES_AGGRESSIVE;
				CLANG_CXX_LANGUAGE_STANDARD = "gnu++14";
				CLANG_CXX_LIBRARY = "libc++";
				CLANG_ENABLE_MODULES = YES;
				CLANG_ENABLE_OBJC_ARC = YES;
				CLANG_ENABLE_OBJC_WEAK = YES;
				CLANG_WARN_BLOCK_CAPTURE_AUTORELEASING = YES;
				CLANG_WARN_BOOL_CONVERSION = YES;
				CLANG_WARN_COMMA = YES;
				CLANG_WARN_CONSTANT_CONVERSION = YES;
				CLANG_WARN_DEPRECATED_OBJC_IMPLEMENTATIONS = YES;
				CLANG_WARN_DIRECT_OBJC_ISA_USAGE = YES_ERROR;
				CLANG_WARN_DOCUMENTATION_COMMENTS = YES;
				CLANG_WARN_EMPTY_BODY = YES;
				CLANG_WARN_ENUM_CONVERSION = YES;
				CLANG_WARN_INFINITE_RECURSION = YES;
				CLANG_WARN_INT_CONVERSION = YES;
				CLANG_WARN_NON_LITERAL_NULL_CONVERSION = YES;
				CLANG_WARN_OBJC_IMPLICIT_RETAIN_SELF = YES;
				CLANG_WARN_OBJC_LITERAL_CONVERSION = YES;
				CLANG_WARN_OBJC_ROOT_CLASS = YES_ERROR;
				CLANG_WARN_QUOTED_INCLUDE_IN_FRAMEWORK_HEADER = YES;
				CLANG_WARN_RANGE_LOOP_ANALYSIS = YES;
				CLANG_WARN_STRICT_PROTOTYPES = YES;
				CLANG_WARN_SUSPICIOUS_MOVE = YES;
				CLANG_WARN_UNGUARDED_AVAILABILITY = YES_AGGRESSIVE;
				CLANG_WARN_UNREACHABLE_CODE = YES;
				CLANG_WARN__DUPLICATE_METHOD_MATCH = YES;
				COPY_PHASE_STRIP = NO;
				DEBUG_INFORMATION_FORMAT = "dwarf-with-dsym";
				ENABLE_NS_ASSERTIONS = NO;
				ENABLE_STRICT_OBJC_MSGSEND = YES;
				GCC_C_LANGUAGE_STANDARD = gnu11;
				GCC_NO_COMMON_BLOCKS = YES;
				GCC_WARN_64_TO_32_BIT_CONVERSION = YES;
				GCC_WARN_ABOUT_RETURN_TYPE = YES_ERROR;
				GCC_WARN_UNDECLARED_SELECTOR = YES;
				GCC_WARN_UNINITIALIZED_AUTOS = YES_AGGRESSIVE;
				GCC_WARN_UNUSED_FUNCTION = YES;
				GCC_WARN_UNUSED_VARIABLE = YES;
				IPHONEOS_DEPLOYMENT_TARGET = 14.5;
				MTL_ENABLE_DEBUG_INFO = NO;
				MTL_FAST_MATH = YES;
				SDKROOT = iphoneos;
				SWIFT_COMPILATION_MODE = wholemodule;
				SWIFT_OPTIMIZATION_LEVEL = "-O";
				VALIDATE_PRODUCT = YES;
			};
			name = Release;
		};
		F1603D2B26D72736000C7EA4 /* Debug */ = {
			isa = XCBuildConfiguration;
			buildSettings = {
				ASSETCATALOG_COMPILER_APPICON_NAME = AppIcon;
				ASSETCATALOG_COMPILER_GLOBAL_ACCENT_COLOR_NAME = AccentColor;
				CODE_SIGN_STYLE = Automatic;
				DEVELOPMENT_TEAM = 938KJ47ZQ9;
				INFOPLIST_FILE = Chain/Info.plist;
				LD_RUNPATH_SEARCH_PATHS = (
					"$(inherited)",
					"@executable_path/Frameworks",
				);
				PRODUCT_BUNDLE_IDENTIFIER = yocelingr.playground1.Chain;
				PRODUCT_NAME = "$(TARGET_NAME)";
				SWIFT_VERSION = 5.0;
				TARGETED_DEVICE_FAMILY = "1,2";
			};
			name = Debug;
		};
		F1603D2C26D72736000C7EA4 /* Release */ = {
			isa = XCBuildConfiguration;
			buildSettings = {
				ASSETCATALOG_COMPILER_APPICON_NAME = AppIcon;
				ASSETCATALOG_COMPILER_GLOBAL_ACCENT_COLOR_NAME = AccentColor;
				CODE_SIGN_STYLE = Automatic;
				DEVELOPMENT_TEAM = 938KJ47ZQ9;
				INFOPLIST_FILE = Chain/Info.plist;
				LD_RUNPATH_SEARCH_PATHS = (
					"$(inherited)",
					"@executable_path/Frameworks",
				);
				PRODUCT_BUNDLE_IDENTIFIER = yocelingr.playground1.Chain;
				PRODUCT_NAME = "$(TARGET_NAME)";
				SWIFT_VERSION = 5.0;
				TARGETED_DEVICE_FAMILY = "1,2";
			};
			name = Release;
		};
		F1603D2E26D72736000C7EA4 /* Debug */ = {
			isa = XCBuildConfiguration;
			buildSettings = {
				ALWAYS_EMBED_SWIFT_STANDARD_LIBRARIES = YES;
				BUNDLE_LOADER = "$(TEST_HOST)";
				CODE_SIGN_STYLE = Automatic;
				DEVELOPMENT_TEAM = 938KJ47ZQ9;
				INFOPLIST_FILE = ChainTests/Info.plist;
				IPHONEOS_DEPLOYMENT_TARGET = 14.5;
				LD_RUNPATH_SEARCH_PATHS = (
					"$(inherited)",
					"@executable_path/Frameworks",
					"@loader_path/Frameworks",
				);
				PRODUCT_BUNDLE_IDENTIFIER = yocelingr.playground1.ChainTests;
				PRODUCT_NAME = "$(TARGET_NAME)";
				SWIFT_VERSION = 5.0;
				TARGETED_DEVICE_FAMILY = "1,2";
				TEST_HOST = "$(BUILT_PRODUCTS_DIR)/Chain.app/Chain";
			};
			name = Debug;
		};
		F1603D2F26D72736000C7EA4 /* Release */ = {
			isa = XCBuildConfiguration;
			buildSettings = {
				ALWAYS_EMBED_SWIFT_STANDARD_LIBRARIES = YES;
				BUNDLE_LOADER = "$(TEST_HOST)";
				CODE_SIGN_STYLE = Automatic;
				DEVELOPMENT_TEAM = 938KJ47ZQ9;
				INFOPLIST_FILE = ChainTests/Info.plist;
				IPHONEOS_DEPLOYMENT_TARGET = 14.5;
				LD_RUNPATH_SEARCH_PATHS = (
					"$(inherited)",
					"@executable_path/Frameworks",
					"@loader_path/Frameworks",
				);
				PRODUCT_BUNDLE_IDENTIFIER = yocelingr.playground1.ChainTests;
				PRODUCT_NAME = "$(TARGET_NAME)";
				SWIFT_VERSION = 5.0;
				TARGETED_DEVICE_FAMILY = "1,2";
				TEST_HOST = "$(BUILT_PRODUCTS_DIR)/Chain.app/Chain";
			};
			name = Release;
		};
		F1603D3126D72736000C7EA4 /* Debug */ = {
			isa = XCBuildConfiguration;
			buildSettings = {
				ALWAYS_EMBED_SWIFT_STANDARD_LIBRARIES = YES;
				CODE_SIGN_STYLE = Automatic;
				DEVELOPMENT_TEAM = 938KJ47ZQ9;
				INFOPLIST_FILE = ChainUITests/Info.plist;
				LD_RUNPATH_SEARCH_PATHS = (
					"$(inherited)",
					"@executable_path/Frameworks",
					"@loader_path/Frameworks",
				);
				PRODUCT_BUNDLE_IDENTIFIER = yocelingr.playground1.ChainUITests;
				PRODUCT_NAME = "$(TARGET_NAME)";
				SWIFT_VERSION = 5.0;
				TARGETED_DEVICE_FAMILY = "1,2";
				TEST_TARGET_NAME = Chain;
			};
			name = Debug;
		};
		F1603D3226D72736000C7EA4 /* Release */ = {
			isa = XCBuildConfiguration;
			buildSettings = {
				ALWAYS_EMBED_SWIFT_STANDARD_LIBRARIES = YES;
				CODE_SIGN_STYLE = Automatic;
				DEVELOPMENT_TEAM = 938KJ47ZQ9;
				INFOPLIST_FILE = ChainUITests/Info.plist;
				LD_RUNPATH_SEARCH_PATHS = (
					"$(inherited)",
					"@executable_path/Frameworks",
					"@loader_path/Frameworks",
				);
				PRODUCT_BUNDLE_IDENTIFIER = yocelingr.playground1.ChainUITests;
				PRODUCT_NAME = "$(TARGET_NAME)";
				SWIFT_VERSION = 5.0;
				TARGETED_DEVICE_FAMILY = "1,2";
				TEST_TARGET_NAME = Chain;
			};
			name = Release;
		};
/* End XCBuildConfiguration section */

/* Begin XCConfigurationList section */
		F1603CFB26D72732000C7EA4 /* Build configuration list for PBXProject "Chain" */ = {
			isa = XCConfigurationList;
			buildConfigurations = (
				F1603D2826D72736000C7EA4 /* Debug */,
				F1603D2926D72736000C7EA4 /* Release */,
			);
			defaultConfigurationIsVisible = 0;
			defaultConfigurationName = Release;
		};
		F1603D2A26D72736000C7EA4 /* Build configuration list for PBXNativeTarget "Chain" */ = {
			isa = XCConfigurationList;
			buildConfigurations = (
				F1603D2B26D72736000C7EA4 /* Debug */,
				F1603D2C26D72736000C7EA4 /* Release */,
			);
			defaultConfigurationIsVisible = 0;
			defaultConfigurationName = Release;
		};
		F1603D2D26D72736000C7EA4 /* Build configuration list for PBXNativeTarget "ChainTests" */ = {
			isa = XCConfigurationList;
			buildConfigurations = (
				F1603D2E26D72736000C7EA4 /* Debug */,
				F1603D2F26D72736000C7EA4 /* Release */,
			);
			defaultConfigurationIsVisible = 0;
			defaultConfigurationName = Release;
		};
		F1603D3026D72736000C7EA4 /* Build configuration list for PBXNativeTarget "ChainUITests" */ = {
			isa = XCConfigurationList;
			buildConfigurations = (
				F1603D3126D72736000C7EA4 /* Debug */,
				F1603D3226D72736000C7EA4 /* Release */,
			);
			defaultConfigurationIsVisible = 0;
			defaultConfigurationName = Release;
		};
/* End XCConfigurationList section */
	};
	rootObject = F1603CF826D72732000C7EA4 /* Project object */;
}
